
Microsoft Visual Studio Solution File, Format Version 12.00
# Visual Studio Version 17
VisualStudioVersion = 17.6.33417.168
MinimumVisualStudioVersion = 10.0.40219.1
Project("{FAE04EC0-301F-11D3-BF4B-00C04F79EFBC}") = "Yarp", "Yarp.csproj", "{B51AD87D-B3D0-4DB5-A5F1-06D546EECAA0}"
EndProject
Global
	GlobalSection(SolutionConfigurationPlatforms) = preSolution
		Debug|Any CPU = Debug|Any CPU
		Release|Any CPU = Release|Any CPU
	EndGlobalSection
	GlobalSection(ProjectConfigurationPlatforms) = postSolution
		{B51AD87D-B3D0-4DB5-A5F1-06D546EECAA0}.Debug|Any CPU.ActiveCfg = Debug|Any CPU
		{B51AD87D-B3D0-4DB5-A5F1-06D546EECAA0}.Debug|Any CPU.Build.0 = Debug|Any CPU
		{B51AD87D-B3D0-4DB5-A5F1-06D546EECAA0}.Release|Any CPU.ActiveCfg = Release|Any CPU
		{B51AD87D-B3D0-4DB5-A5F1-06D546EECAA0}.Release|Any CPU.Build.0 = Release|Any CPU
	EndGlobalSection
	GlobalSection(SolutionProperties) = preSolution
		HideSolutionNode = FALSE
	EndGlobalSection
	GlobalSection(ExtensibilityGlobals) = postSolution
		SolutionGuid = {D71959AE-2818-4604-88A8-9CC168A9C39B}
	EndGlobalSection
EndGlobal
